{
    "version": 3,
    "terraform_version": "0.11.13",
    "serial": 5,
    "lineage": "3a9054cc-f094-08fd-3097-92b3cc2bdf76",
    "modules": [
        {
            "path": [
                "root"
            ],
            "outputs": {},
            "resources": {
                "digitalocean_droplet.web": {
                    "type": "digitalocean_droplet",
                    "depends_on": [
                        "digitalocean_ssh_key.roman",
                        "digitalocean_ssh_key.work"
                    ],
                    "primary": {
                        "id": "138158765",
                        "attributes": {
                            "backups": "false",
                            "disk": "25",
                            "id": "138158765",
                            "image": "docker-18-04",
                            "ipv4_address": "138.68.132.121",
                            "ipv4_address_private": "",
                            "ipv6": "false",
                            "ipv6_address": "",
                            "ipv6_address_private": "",
                            "locked": "false",
                            "memory": "1024",
                            "monitoring": "false",
                            "name": "web-1",
                            "price_hourly": "0.00744",
                            "price_monthly": "5",
                            "private_networking": "false",
                            "region": "lon1",
                            "resize_disk": "true",
                            "size": "s-1vcpu-1gb",
                            "ssh_keys.#": "2",
                            "ssh_keys.1193130305": "27:ba:6b:b2:af:e8:59:92:c3:87:f7:af:e2:94:22:db",
                            "ssh_keys.3659383672": "77:a2:f3:4c:e9:c2:59:ab:61:12:a8:25:f0:15:1f:ed",
                            "status": "active",
                            "tags.#": "0",
                            "vcpus": "1",
                            "volume_ids.#": "0"
                        },
                        "meta": {
                            "schema_version": "1"
                        },
                        "tainted": false
                    },
                    "deposed": [],
                    "provider": "provider.digitalocean"
                },
                "digitalocean_loadbalancer.balancer": {
                    "type": "digitalocean_loadbalancer",
                    "depends_on": [
                        "digitalocean_droplet.web"
                    ],
                    "primary": {
                        "id": "b4356a47-6ced-4a3d-b8b3-a7e07df129d1",
                        "attributes": {
                            "algorithm": "round_robin",
                            "droplet_ids.#": "1",
                            "droplet_ids.2969406648": "138158765",
                            "droplet_tag": "",
                            "forwarding_rule.#": "1",
                            "forwarding_rule.0.certificate_id": "",
                            "forwarding_rule.0.entry_port": "80",
                            "forwarding_rule.0.entry_protocol": "http",
                            "forwarding_rule.0.target_port": "80",
                            "forwarding_rule.0.target_protocol": "http",
                            "forwarding_rule.0.tls_passthrough": "false",
                            "healthcheck.#": "1",
                            "healthcheck.0.check_interval_seconds": "10",
                            "healthcheck.0.healthy_threshold": "5",
                            "healthcheck.0.path": "",
                            "healthcheck.0.port": "22",
                            "healthcheck.0.protocol": "tcp",
                            "healthcheck.0.response_timeout_seconds": "5",
                            "healthcheck.0.unhealthy_threshold": "3",
                            "id": "b4356a47-6ced-4a3d-b8b3-a7e07df129d1",
                            "ip": "188.166.138.4",
                            "name": "loadbalancer-1",
                            "redirect_http_to_https": "false",
                            "region": "lon1",
                            "status": "active",
                            "sticky_sessions.#": "1",
                            "sticky_sessions.0.cookie_name": "",
                            "sticky_sessions.0.cookie_ttl_seconds": "0",
                            "sticky_sessions.0.type": "none"
                        },
                        "meta": {},
                        "tainted": false
                    },
                    "deposed": [],
                    "provider": "provider.digitalocean"
                },
                "digitalocean_ssh_key.roman": {
                    "type": "digitalocean_ssh_key",
                    "depends_on": [],
                    "primary": {
                        "id": "24233505",
                        "attributes": {
                            "fingerprint": "27:ba:6b:b2:af:e8:59:92:c3:87:f7:af:e2:94:22:db",
                            "id": "24233505",
                            "name": "roman",
                            "public_key": "ssh-rsa AAAAB3NzaC1yc2EAAAADAQABAAABAQC170z46riMR7AZj93ijS+widgxGzTaTpO/UDSrBJ1Vu0izkUqkP8UnhdA9Cs9ycqyq6fzPpDRm/iH2xU5r54zne4FIdyggpeVPLK1qpzYfjI7AzVV9EieO4gWOTRFl4nBWhgPPV7lnP5X7HaHYu/6vNKEP1CsbH7UFAsobcFd+Yy6E2Iv/3xM0kgF1pRNygWVWQyv7EQvprJhiaPQ3QXOepVnrhLVHV7qyrP53pd+qsPqyk/O66H2VfFvzET9yikPOBffCD2tEo83bMuCIWJIivEa++qJcg6JKUP6x9xabf6+lkLFmYD1o3ag3+y461h/5V/DpWozWSNOLf8ZXHfjJ roman_ushakov@Air-Roman"
                        },
                        "meta": {},
                        "tainted": false
                    },
                    "deposed": [],
                    "provider": "provider.digitalocean"
                },
                "digitalocean_ssh_key.work": {
                    "type": "digitalocean_ssh_key",
                    "depends_on": [],
                    "primary": {
                        "id": "24233506",
                        "attributes": {
                            "fingerprint": "77:a2:f3:4c:e9:c2:59:ab:61:12:a8:25:f0:15:1f:ed",
                            "id": "24233506",
                            "name": "work",
                            "public_key": "ssh-rsa AAAAB3NzaC1yc2EAAAADAQABAAABAQDowK2KYIdFrHYG6UpdkvTlykAHf+lpieS+837vYOECAt6iNcY3C+g+HloOwTuX0oVGpfgVoqNvKnr1gHarlvRkh1UbXKYIZOCU1qsUxx8DlF9ImR0Bq+GJoK+jgLy3Gjv5Xdoj6MkYiIGnqgV01hQFg03CfhHmWuIz04CgJ357OO1HgudRjNDMYMrOfRw8OmDxWmTX8Ktj3hnZydj5LZpbdCGfai/x27IcHhL5VGopBYpofYJajEAcw58bvsgX/GpT5RcZEX1VyxKlRa5ThKsj/i5kfo8jgz/MdBjsmwFNhWOn/b7FzwLEpIwQ9xQyCyqzujdjS/L+vsrnSpOP2mah roman@roman-desktop"
                        },
                        "meta": {},
                        "tainted": false
                    },
                    "deposed": [],
                    "provider": "provider.digitalocean"
                }
            },
            "depends_on": []
        }
    ]
}
